
Microsoft Visual Studio Solution File, Format Version 12.00
# Visual Studio Version 17
VisualStudioVersion = 17.8.34330.188
MinimumVisualStudioVersion = 10.0.40219.1
Project("{FAE04EC0-301F-11D3-BF4B-00C04F79EFBC}") = "ExcelImporter", "ExcelImporter.csproj", "{72231E14-602D-46E8-AEC5-5369B0D485EA}"
EndProject
Global
	GlobalSection(SolutionConfigurationPlatforms) = preSolution
		Debug|Any CPU = Debug|Any CPU
		Release|Any CPU = Release|Any CPU
	EndGlobalSection
	GlobalSection(ProjectConfigurationPlatforms) = postSolution
		{72231E14-602D-46E8-AEC5-5369B0D485EA}.Debug|Any CPU.ActiveCfg = Debug|Any CPU
		{72231E14-602D-46E8-AEC5-5369B0D485EA}.Debug|Any CPU.Build.0 = Debug|Any CPU
		{72231E14-602D-46E8-AEC5-5369B0D485EA}.Release|Any CPU.ActiveCfg = Release|Any CPU
		{72231E14-602D-46E8-AEC5-5369B0D485EA}.Release|Any CPU.Build.0 = Release|Any CPU
	EndGlobalSection
	GlobalSection(SolutionProperties) = preSolution
		HideSolutionNode = FALSE
	EndGlobalSection
	GlobalSection(ExtensibilityGlobals) = postSolution
		SolutionGuid = {06352187-146E-434F-AF60-70523E28505F}
	EndGlobalSection
EndGlobal
